<?xml version="1.0" encoding="utf-8"?>
<Project ToolsVersion="4.0" xmlns="http://schemas.microsoft.com/developer/msbuild/2003">
  <ItemGroup>
    <Filter Include="App">
      <UniqueIdentifier>{293a0def-adcd-4b2d-a6af-fc16cf4d2c05}</UniqueIdentifier>
    </Filter>
    <Filter Include="GameEngine">
      <UniqueIdentifier>{ef3d140c-dd86-423a-aa76-c80e61b58de9}</UniqueIdentifier>
    </Filter>
    <Filter Include="GameEngine\WindowingSystem">
      <UniqueIdentifier>{00c0890c-81ba-41e1-8219-f49295c41d5a}</UniqueIdentifier>
    </Filter>
    <Filter Include="GameEngine\GraphicsEngine">
      <UniqueIdentifier>{dcc1bada-68a8-4aad-9424-11aa64273c4d}</UniqueIdentifier>
    </Filter>
    <Filter Include="GameEngine\Math">
      <UniqueIdentifier>{2ed69238-003f-49c0-b199-97a7eda33f96}</UniqueIdentifier>
    </Filter>
    <Filter Include="GameEngine\InputSystem">
      <UniqueIdentifier>{0a499833-f4de-499b-8498-191963337809}</UniqueIdentifier>
    </Filter>
    <Filter Include="GameEngine\GraphicsEngine\RenderSystem">
      <UniqueIdentifier>{664c0482-d315-4b6b-b8d3-b62f35361919}</UniqueIdentifier>
    </Filter>
    <Filter Include="GameEngine\GraphicsEngine\RenderSystem\DeviceContext">
      <UniqueIdentifier>{d3d40f51-2c06-4478-9c99-93b85e5ec53f}</UniqueIdentifier>
    </Filter>
    <Filter Include="GameEngine\GraphicsEngine\RenderSystem\IndexBuffer">
      <UniqueIdentifier>{561a2f04-0cf6-4db0-9063-16923ac356e5}</UniqueIdentifier>
    </Filter>
    <Filter Include="GameEngine\GraphicsEngine\RenderSystem\ConstantBuffer">
      <UniqueIdentifier>{77f8c20f-c3d2-4909-8160-d1d44563784a}</UniqueIdentifier>
    </Filter>
    <Filter Include="GameEngine\GraphicsEngine\RenderSystem\PixelShader">
      <UniqueIdentifier>{c8bd7299-675e-4226-a950-dd49119ce9c8}</UniqueIdentifier>
    </Filter>
    <Filter Include="GameEngine\GraphicsEngine\RenderSystem\SwapChain">
      <UniqueIdentifier>{14d8a7b3-e6b4-42fd-a188-6f18ad615ffa}</UniqueIdentifier>
    </Filter>
    <Filter Include="GameEngine\GraphicsEngine\RenderSystem\VertexBuffer">
      <UniqueIdentifier>{7db5d452-a93c-43f8-81f7-8d474c0f6347}</UniqueIdentifier>
    </Filter>
    <Filter Include="GameEngine\GraphicsEngine\RenderSystem\VertexShader">
      <UniqueIdentifier>{020450cf-a05d-4063-8ab0-7ce1e835390f}</UniqueIdentifier>
    </Filter>
    <Filter Include="GameEngine\GraphicsEngine\ResourceManager">
      <UniqueIdentifier>{35581790-f45b-4836-b84f-0715c787c102}</UniqueIdentifier>
    </Filter>
    <Filter Include="GameEngine\GraphicsEngine\ResourceManager\TextureManager">
      <UniqueIdentifier>{0c98c06a-beaf-48b8-a037-616580a4a549}</UniqueIdentifier>
    </Filter>
    <Filter Include="GameEngine\GraphicsEngine\ResourceManager\MeshManager">
      <UniqueIdentifier>{c52f90d5-ea1b-43a8-a9d4-9267f463e326}</UniqueIdentifier>
    </Filter>
    <Filter Include="GameEngine\GraphicsEngine\Material">
      <UniqueIdentifier>{6805bbc7-0c0d-4b9f-853e-321435c2a9f9}</UniqueIdentifier>
    </Filter>
    <Filter Include="App\OldDemo">
      <UniqueIdentifier>{d636c9d7-0b4e-4791-8270-9ca74d07177d}</UniqueIdentifier>
    </Filter>
    <Filter Include="App\OldDemo\Shaders">
      <UniqueIdentifier>{aae85a85-6c2f-437c-a2e4-c14a385c9754}</UniqueIdentifier>
    </Filter>
    <Filter Include="App\OldDemo\Shaders\EarthShader">
      <UniqueIdentifier>{b27c44c7-554d-4282-9a2a-2b6d472294c6}</UniqueIdentifier>
    </Filter>
    <Filter Include="App\SpaceShooterGame">
      <UniqueIdentifier>{0d85782d-1189-4d18-9494-b92703a15a58}</UniqueIdentifier>
    </Filter>
    <Filter Include="App\GlobalShader">
      <UniqueIdentifier>{a4ae1587-a566-4e53-9374-33ec6684e381}</UniqueIdentifier>
    </Filter>
    <Filter Include="App\GlobalShader\SkyBox">
      <UniqueIdentifier>{c0b4e502-2e6b-4428-a7f2-0d7500d9fe92}</UniqueIdentifier>
    </Filter>
    <Filter Include="App\GlobalShader\DirectionalLight">
      <UniqueIdentifier>{1ef7ac24-9ac5-4d85-b922-5f9de30a16f7}</UniqueIdentifier>
    </Filter>
    <Filter Include="App\GlobalShader\PointLight">
      <UniqueIdentifier>{9b424ca2-5c03-4134-87ed-6b671d67b4cd}</UniqueIdentifier>
    </Filter>
    <Filter Include="App\BumpMappingDemo">
      <UniqueIdentifier>{2cbba334-86bc-4722-ae6e-d5dfcac84897}</UniqueIdentifier>
    </Filter>
    <Filter Include="App\GlobalShader\DirLightBumpMapping">
      <UniqueIdentifier>{da79f4cf-c699-4b99-a8e3-ffa22c020062}</UniqueIdentifier>
    </Filter>
    <Filter Include="App\FrameBufferDemo">
      <UniqueIdentifier>{07d44763-8e3c-4aab-a98f-4ea5043d65ba}</UniqueIdentifier>
    </Filter>
    <Filter Include="App\PostProcessingDemo">
      <UniqueIdentifier>{e5048c04-17a6-41bc-b7ff-b0abafe63398}</UniqueIdentifier>
    </Filter>
    <Filter Include="App\GlobalShader\PostProcessEffect">
      <UniqueIdentifier>{0077c882-45d4-4a43-a849-f4b392e13343}</UniqueIdentifier>
    </Filter>
  </ItemGroup>
  <ItemGroup>
    <ClCompile Include="Main.cpp">
      <Filter>App</Filter>
    </ClCompile>
    <ClCompile Include="Window.cpp">
      <Filter>GameEngine\WindowingSystem</Filter>
    </ClCompile>
    <ClCompile Include="GraphicsEngine.cpp">
      <Filter>GameEngine\GraphicsEngine</Filter>
    </ClCompile>
    <ClCompile Include="SwapChain.cpp">
      <Filter>GameEngine\GraphicsEngine\RenderSystem\SwapChain</Filter>
    </ClCompile>
    <ClCompile Include="DeviceContext.cpp">
      <Filter>GameEngine\GraphicsEngine\RenderSystem\DeviceContext</Filter>
    </ClCompile>
    <ClCompile Include="VertexBuffer.cpp">
      <Filter>GameEngine\GraphicsEngine\RenderSystem\VertexBuffer</Filter>
    </ClCompile>
    <ClCompile Include="VertexShader.cpp">
      <Filter>GameEngine\GraphicsEngine\RenderSystem\VertexShader</Filter>
    </ClCompile>
    <ClCompile Include="PixelShader.cpp">
      <Filter>GameEngine\GraphicsEngine\RenderSystem\PixelShader</Filter>
    </ClCompile>
    <ClCompile Include="ConstantBuffer.cpp">
      <Filter>GameEngine\GraphicsEngine\RenderSystem\ConstantBuffer</Filter>
    </ClCompile>
    <ClCompile Include="IndexBuffer.cpp">
      <Filter>GameEngine\GraphicsEngine\RenderSystem\IndexBuffer</Filter>
    </ClCompile>
    <ClCompile Include="InputSystem.cpp">
      <Filter>GameEngine\InputSystem</Filter>
    </ClCompile>
    <ClCompile Include="RenderSystem.cpp">
      <Filter>GameEngine\GraphicsEngine\RenderSystem</Filter>
    </ClCompile>
    <ClCompile Include="ResourceManager.cpp">
      <Filter>GameEngine\GraphicsEngine\ResourceManager</Filter>
    </ClCompile>
    <ClCompile Include="Resource.cpp">
      <Filter>GameEngine\GraphicsEngine\ResourceManager</Filter>
    </ClCompile>
    <ClCompile Include="TextureManager.cpp">
      <Filter>GameEngine\GraphicsEngine\ResourceManager\TextureManager</Filter>
    </ClCompile>
    <ClCompile Include="Texture.cpp">
      <Filter>GameEngine\GraphicsEngine\ResourceManager\TextureManager</Filter>
    </ClCompile>
    <ClCompile Include="MeshManager.cpp">
      <Filter>GameEngine\GraphicsEngine\ResourceManager\MeshManager</Filter>
    </ClCompile>
    <ClCompile Include="Mesh.cpp">
      <Filter>GameEngine\GraphicsEngine\ResourceManager\MeshManager</Filter>
    </ClCompile>
    <ClCompile Include="Material.cpp">
      <Filter>GameEngine\GraphicsEngine\Material</Filter>
    </ClCompile>
    <ClCompile Include="AppWindow.cpp">
      <Filter>App\OldDemo</Filter>
    </ClCompile>
    <ClCompile Include="SpaceShooterGame.cpp">
      <Filter>App\SpaceShooterGame</Filter>
    </ClCompile>
    <ClCompile Include="BumpMappingDemo.cpp">
      <Filter>App\BumpMappingDemo</Filter>
    </ClCompile>
    <ClCompile Include="FrameBufferDemo.cpp">
      <Filter>App\FrameBufferDemo</Filter>
    </ClCompile>
    <ClCompile Include="MiniGame.cpp">
      <Filter>App\FrameBufferDemo</Filter>
    </ClCompile>
    <ClCompile Include="PostProcessingDemo.cpp">
      <Filter>App\PostProcessingDemo</Filter>
    </ClCompile>
  </ItemGroup>
  <ItemGroup>
    <ClInclude Include="Window.h">
      <Filter>GameEngine\WindowingSystem</Filter>
    </ClInclude>
    <ClInclude Include="GraphicsEngine.h">
      <Filter>GameEngine\GraphicsEngine</Filter>
    </ClInclude>
    <ClInclude Include="SwapChain.h">
      <Filter>GameEngine\GraphicsEngine\RenderSystem\SwapChain</Filter>
    </ClInclude>
    <ClInclude Include="DeviceContext.h">
      <Filter>GameEngine\GraphicsEngine\RenderSystem\DeviceContext</Filter>
    </ClInclude>
    <ClInclude Include="VertexBuffer.h">
      <Filter>GameEngine\GraphicsEngine\RenderSystem\VertexBuffer</Filter>
    </ClInclude>
    <ClInclude Include="VertexShader.h">
      <Filter>GameEngine\GraphicsEngine\RenderSystem\VertexShader</Filter>
    </ClInclude>
    <ClInclude Include="PixelShader.h">
      <Filter>GameEngine\GraphicsEngine\RenderSystem\PixelShader</Filter>
    </ClInclude>
    <ClInclude Include="ConstantBuffer.h">
      <Filter>GameEngine\GraphicsEngine\RenderSystem\ConstantBuffer</Filter>
    </ClInclude>
    <ClInclude Include="Vector3D.h">
      <Filter>GameEngine\Math</Filter>
    </ClInclude>
    <ClInclude Include="Matrix4x4.h">
      <Filter>GameEngine\Math</Filter>
    </ClInclude>
    <ClInclude Include="IndexBuffer.h">
      <Filter>GameEngine\GraphicsEngine\RenderSystem\IndexBuffer</Filter>
    </ClInclude>
    <ClInclude Include="InputSystem.h">
      <Filter>GameEngine\InputSystem</Filter>
    </ClInclude>
    <ClInclude Include="InputListener.h">
      <Filter>GameEngine\InputSystem</Filter>
    </ClInclude>
    <ClInclude Include="Point.h">
      <Filter>GameEngine\Math</Filter>
    </ClInclude>
    <ClInclude Include="Vector4D.h">
      <Filter>GameEngine\Math</Filter>
    </ClInclude>
    <ClInclude Include="RenderSystem.h">
      <Filter>GameEngine\GraphicsEngine\RenderSystem</Filter>
    </ClInclude>
    <ClInclude Include="Prerequisites.h">
      <Filter>GameEngine\GraphicsEngine</Filter>
    </ClInclude>
    <ClInclude Include="ResourceManager.h">
      <Filter>GameEngine\GraphicsEngine\ResourceManager</Filter>
    </ClInclude>
    <ClInclude Include="Resource.h">
      <Filter>GameEngine\GraphicsEngine\ResourceManager</Filter>
    </ClInclude>
    <ClInclude Include="TextureManager.h">
      <Filter>GameEngine\GraphicsEngine\ResourceManager\TextureManager</Filter>
    </ClInclude>
    <ClInclude Include="Texture.h">
      <Filter>GameEngine\GraphicsEngine\ResourceManager\TextureManager</Filter>
    </ClInclude>
    <ClInclude Include="Vector2D.h">
      <Filter>GameEngine\Math</Filter>
    </ClInclude>
    <ClInclude Include="MeshManager.h">
      <Filter>GameEngine\GraphicsEngine\ResourceManager\MeshManager</Filter>
    </ClInclude>
    <ClInclude Include="Mesh.h">
      <Filter>GameEngine\GraphicsEngine\ResourceManager\MeshManager</Filter>
    </ClInclude>
    <ClInclude Include="VertexMesh.h">
      <Filter>GameEngine\Math</Filter>
    </ClInclude>
    <ClInclude Include="Material.h">
      <Filter>GameEngine\GraphicsEngine\Material</Filter>
    </ClInclude>
    <ClInclude Include="AppWindow.h">
      <Filter>App\OldDemo</Filter>
    </ClInclude>
    <ClInclude Include="SpaceShooterGame.h">
      <Filter>App\SpaceShooterGame</Filter>
    </ClInclude>
    <ClInclude Include="MathUtils.h">
      <Filter>GameEngine\Math</Filter>
    </ClInclude>
    <ClInclude Include="BumpMappingDemo.h">
      <Filter>App\BumpMappingDemo</Filter>
    </ClInclude>
    <ClInclude Include="FrameBufferDemo.h">
      <Filter>App\FrameBufferDemo</Filter>
    </ClInclude>
    <ClInclude Include="Rect.h">
      <Filter>GameEngine\Math</Filter>
    </ClInclude>
    <ClInclude Include="MiniGame.h">
      <Filter>App\FrameBufferDemo</Filter>
    </ClInclude>
    <ClInclude Include="PostProcessingDemo.h">
      <Filter>App\PostProcessingDemo</Filter>
    </ClInclude>
  </ItemGroup>
  <ItemGroup>
    <FxCompile Include="VertexShader.hlsl">
      <Filter>App\OldDemo\Shaders\EarthShader</Filter>
    </FxCompile>
    <FxCompile Include="PixelShader.hlsl">
      <Filter>App\OldDemo\Shaders\EarthShader</Filter>
    </FxCompile>
    <FxCompile Include="PointLightVertexShader.hlsl">
      <Filter>App\GlobalShader\PointLight</Filter>
    </FxCompile>
    <FxCompile Include="PointLightPixelShader.hlsl">
      <Filter>App\GlobalShader\PointLight</Filter>
    </FxCompile>
    <FxCompile Include="DirectionalLightVertexShader.hlsl">
      <Filter>App\GlobalShader\DirectionalLight</Filter>
    </FxCompile>
    <FxCompile Include="DirectionalLightPixelShader.hlsl">
      <Filter>App\GlobalShader\DirectionalLight</Filter>
    </FxCompile>
    <FxCompile Include="SkyBoxPixelShader.hlsl">
      <Filter>App\GlobalShader\SkyBox</Filter>
    </FxCompile>
    <FxCompile Include="SkyBoxVertexShader.hlsl">
      <Filter>App\GlobalShader\SkyBox</Filter>
    </FxCompile>
    <FxCompile Include="VertexMeshLayoutShader.hlsl">
      <Filter>GameEngine\InputSystem</Filter>
    </FxCompile>
    <FxCompile Include="DirLightBumpVS.hlsl">
      <Filter>App\GlobalShader\DirLightBumpMapping</Filter>
    </FxCompile>
    <FxCompile Include="DirLightBumpPS.hlsl">
      <Filter>App\GlobalShader\DirLightBumpMapping</Filter>
    </FxCompile>
    <FxCompile Include="PostProcessVS.hlsl">
      <Filter>App\GlobalShader\PostProcessEffect</Filter>
    </FxCompile>
    <FxCompile Include="DistortionEffect.hlsl">
      <Filter>App\GlobalShader\PostProcessEffect</Filter>
    </FxCompile>
  </ItemGroup>
</Project>